{
  "version": 4,
  "terraform_version": "0.13.3",
  "serial": 12,
  "lineage": "b9ff57ac-a77c-da7c-fb92-510d0beddf16",
  "outputs": {},
  "resources": [
    {
      "mode": "managed",
      "type": "azurerm_private_endpoint",
      "name": "priavte_blob",
      "provider": "provider[\"registry.terraform.io/hashicorp/azurerm\"]",
      "instances": [
        {
          "schema_version": 0,
          "attributes": {
            "custom_dns_configs": [
              {
                "fqdn": "afsalstorageaccountone.blob.core.windows.net",
                "ip_addresses": [
                  "10.0.0.5"
                ]
              }
            ],
            "id": "/subscriptions/e060f39e-3e99-4511-9b8a-54a14dd431da/resourceGroups/Afsal-storage-RG-ToolTool/providers/Microsoft.Network/privateEndpoints/afsal-private-storage",
            "location": "eastus",
            "name": "afsal-private-storage",
            "private_dns_zone_configs": [],
            "private_dns_zone_group": [],
            "private_service_connection": [
              {
                "is_manual_connection": false,
                "name": "afsal-private-storage-plconnection-blob",
                "private_connection_resource_alias": "",
                "private_connection_resource_id": "/subscriptions/e060f39e-3e99-4511-9b8a-54a14dd431da/resourceGroups/Afsal-storage-RG-ToolTool/providers/Microsoft.Storage/storageAccounts/afsalstorageaccountone",
                "private_ip_address": "10.0.0.5",
                "request_message": "",
                "subresource_names": [
                  "blob"
                ]
              }
            ],
            "resource_group_name": "Afsal-storage-RG-ToolTool",
            "subnet_id": "/subscriptions/e060f39e-3e99-4511-9b8a-54a14dd431da/resourceGroups/Afsal-VirtualNetwork/providers/Microsoft.Network/virtualNetworks/afsal-virtualnetwork/subnets/afsal-vnet",
            "tags": null,
            "timeouts": null
          },
          "private": "eyJlMmJmYjczMC1lY2FhLTExZTYtOGY4OC0zNDM2M2JjN2M0YzAiOnsiY3JlYXRlIjozNjAwMDAwMDAwMDAwLCJkZWxldGUiOjM2MDAwMDAwMDAwMDAsInJlYWQiOjMwMDAwMDAwMDAwMCwidXBkYXRlIjozNjAwMDAwMDAwMDAwfX0=",
          "dependencies": [
            "azurerm_resource_group.storage_RG",
            "azurerm_storage_account.afsal_stg_account"
          ]
        }
      ]
    },
    {
      "mode": "managed",
      "type": "azurerm_resource_group",
      "name": "storage_RG",
      "provider": "provider[\"registry.terraform.io/hashicorp/azurerm\"]",
      "instances": [
        {
          "schema_version": 0,
          "attributes": {
            "id": "/subscriptions/e060f39e-3e99-4511-9b8a-54a14dd431da/resourceGroups/Afsal-storage-RG-ToolTool",
            "location": "eastus",
            "name": "Afsal-storage-RG-ToolTool",
            "tags": null,
            "timeouts": null
          },
          "private": "eyJlMmJmYjczMC1lY2FhLTExZTYtOGY4OC0zNDM2M2JjN2M0YzAiOnsiY3JlYXRlIjo1NDAwMDAwMDAwMDAwLCJkZWxldGUiOjU0MDAwMDAwMDAwMDAsInJlYWQiOjMwMDAwMDAwMDAwMCwidXBkYXRlIjo1NDAwMDAwMDAwMDAwfX0="
        }
      ]
    },
    {
      "mode": "managed",
      "type": "azurerm_role_assignment",
      "name": "cogsvc_storage_reader",
      "provider": "provider[\"registry.terraform.io/hashicorp/azurerm\"]",
      "instances": [
        {
          "schema_version": 0,
          "attributes": {
            "condition": "",
            "condition_version": "",
            "delegated_managed_identity_resource_id": "",
            "description": "",
            "id": "/subscriptions/e060f39e-3e99-4511-9b8a-54a14dd431da/resourceGroups/Afsal-storage-RG-ToolTool/providers/Microsoft.Storage/storageAccounts/afsalstorageaccountone/providers/Microsoft.Authorization/roleAssignments/86027c18-8509-c5bd-d454-1ae7aff67a19",
            "name": "86027c18-8509-c5bd-d454-1ae7aff67a19",
            "principal_id": "6f298c55-a2f4-48c9-a73c-135ecb343700",
            "principal_type": "ServicePrincipal",
            "role_definition_id": "/subscriptions/e060f39e-3e99-4511-9b8a-54a14dd431da/providers/Microsoft.Authorization/roleDefinitions/2a2b9908-6ea1-4ae2-8e65-a410df84e7d1",
            "role_definition_name": "Storage Blob Data Reader",
            "scope": "/subscriptions/e060f39e-3e99-4511-9b8a-54a14dd431da/resourceGroups/Afsal-storage-RG-ToolTool/providers/Microsoft.Storage/storageAccounts/afsalstorageaccountone",
            "skip_service_principal_aad_check": null,
            "timeouts": null
          },
          "private": "eyJlMmJmYjczMC1lY2FhLTExZTYtOGY4OC0zNDM2M2JjN2M0YzAiOnsiY3JlYXRlIjoxODAwMDAwMDAwMDAwLCJkZWxldGUiOjE4MDAwMDAwMDAwMDAsInJlYWQiOjMwMDAwMDAwMDAwMCwidXBkYXRlIjoxODAwMDAwMDAwMDAwfX0=",
          "dependencies": [
            "azurerm_resource_group.storage_RG",
            "azurerm_storage_account.afsal_stg_account",
            "module.cognitive_service.azurerm_cognitive_account.main",
            "module.cognitive_service.data.external.cogsvc_identity",
            "module.cognitive_service.null_resource.cogsvc_lockdown"
          ]
        }
      ]
    },
    {
      "mode": "managed",
      "type": "azurerm_storage_account",
      "name": "afsal_stg_account",
      "provider": "provider[\"registry.terraform.io/hashicorp/azurerm\"]",
      "instances": [
        {
          "schema_version": 2,
          "attributes": {
            "access_tier": "Hot",
            "account_kind": "StorageV2",
            "account_replication_type": "LRS",
            "account_tier": "Standard",
            "allow_blob_public_access": false,
            "azure_files_authentication": [],
            "blob_properties": [
              {
                "change_feed_enabled": false,
                "container_delete_retention_policy": [],
                "cors_rule": [],
                "default_service_version": "",
                "delete_retention_policy": [],
                "last_access_time_enabled": false,
                "versioning_enabled": false
              }
            ],
            "custom_domain": [],
            "enable_https_traffic_only": true,
            "id": "/subscriptions/e060f39e-3e99-4511-9b8a-54a14dd431da/resourceGroups/Afsal-storage-RG-ToolTool/providers/Microsoft.Storage/storageAccounts/afsalstorageaccountone",
            "identity": [],
            "is_hns_enabled": false,
            "large_file_share_enabled": null,
            "location": "eastus",
            "min_tls_version": "TLS1_0",
            "name": "afsalstorageaccountone",
            "network_rules": [
              {
                "bypass": [
                  "AzureServices"
                ],
                "default_action": "Allow",
                "ip_rules": [],
                "private_link_access": [],
                "virtual_network_subnet_ids": []
              }
            ],
            "nfsv3_enabled": false,
            "primary_access_key": "4UHYbnHwqukOAKfYoOzmeFBMesEpzRXGU7M5TiLpeVKNsbrPJyzICG90c7Aa73abKqWNtJCpSJ1x/J3O7TlZ5g==",
            "primary_blob_connection_string": "DefaultEndpointsProtocol=https;BlobEndpoint=https://afsalstorageaccountone.blob.core.windows.net/;AccountName=afsalstorageaccountone;AccountKey=4UHYbnHwqukOAKfYoOzmeFBMesEpzRXGU7M5TiLpeVKNsbrPJyzICG90c7Aa73abKqWNtJCpSJ1x/J3O7TlZ5g==",
            "primary_blob_endpoint": "https://afsalstorageaccountone.blob.core.windows.net/",
            "primary_blob_host": "afsalstorageaccountone.blob.core.windows.net",
            "primary_connection_string": "DefaultEndpointsProtocol=https;AccountName=afsalstorageaccountone;AccountKey=4UHYbnHwqukOAKfYoOzmeFBMesEpzRXGU7M5TiLpeVKNsbrPJyzICG90c7Aa73abKqWNtJCpSJ1x/J3O7TlZ5g==;EndpointSuffix=core.windows.net",
            "primary_dfs_endpoint": "https://afsalstorageaccountone.dfs.core.windows.net/",
            "primary_dfs_host": "afsalstorageaccountone.dfs.core.windows.net",
            "primary_file_endpoint": "https://afsalstorageaccountone.file.core.windows.net/",
            "primary_file_host": "afsalstorageaccountone.file.core.windows.net",
            "primary_location": "eastus",
            "primary_queue_endpoint": "https://afsalstorageaccountone.queue.core.windows.net/",
            "primary_queue_host": "afsalstorageaccountone.queue.core.windows.net",
            "primary_table_endpoint": "https://afsalstorageaccountone.table.core.windows.net/",
            "primary_table_host": "afsalstorageaccountone.table.core.windows.net",
            "primary_web_endpoint": "https://afsalstorageaccountone.z13.web.core.windows.net/",
            "primary_web_host": "afsalstorageaccountone.z13.web.core.windows.net",
            "queue_properties": [
              {
                "cors_rule": [],
                "hour_metrics": [
                  {
                    "enabled": true,
                    "include_apis": true,
                    "retention_policy_days": 7,
                    "version": "1.0"
                  }
                ],
                "logging": [
                  {
                    "delete": false,
                    "read": false,
                    "retention_policy_days": 0,
                    "version": "1.0",
                    "write": false
                  }
                ],
                "minute_metrics": [
                  {
                    "enabled": false,
                    "include_apis": false,
                    "retention_policy_days": 0,
                    "version": "1.0"
                  }
                ]
              }
            ],
            "resource_group_name": "Afsal-storage-RG-ToolTool",
            "routing": [],
            "secondary_access_key": "VukPooPmwMnPhbcNyIAe1O1PVZjIncDlpN08A2O9cB5+JtgUqbd23JJ/qEL8AvnKms/W0S4BuWcKRrn3Ep4u7A==",
            "secondary_blob_connection_string": "",
            "secondary_blob_endpoint": null,
            "secondary_blob_host": null,
            "secondary_connection_string": "DefaultEndpointsProtocol=https;AccountName=afsalstorageaccountone;AccountKey=VukPooPmwMnPhbcNyIAe1O1PVZjIncDlpN08A2O9cB5+JtgUqbd23JJ/qEL8AvnKms/W0S4BuWcKRrn3Ep4u7A==;EndpointSuffix=core.windows.net",
            "secondary_dfs_endpoint": null,
            "secondary_dfs_host": null,
            "secondary_file_endpoint": null,
            "secondary_file_host": null,
            "secondary_location": "",
            "secondary_queue_endpoint": null,
            "secondary_queue_host": null,
            "secondary_table_endpoint": null,
            "secondary_table_host": null,
            "secondary_web_endpoint": null,
            "secondary_web_host": null,
            "share_properties": [
              {
                "cors_rule": [],
                "retention_policy": [
                  {
                    "days": 7
                  }
                ],
                "smb": []
              }
            ],
            "static_website": [],
            "tags": null,
            "timeouts": null
          },
          "private": "eyJlMmJmYjczMC1lY2FhLTExZTYtOGY4OC0zNDM2M2JjN2M0YzAiOnsiY3JlYXRlIjozNjAwMDAwMDAwMDAwLCJkZWxldGUiOjM2MDAwMDAwMDAwMDAsInJlYWQiOjMwMDAwMDAwMDAwMCwidXBkYXRlIjozNjAwMDAwMDAwMDAwfSwic2NoZW1hX3ZlcnNpb24iOiIyIn0=",
          "dependencies": [
            "azurerm_resource_group.storage_RG"
          ]
        }
      ]
    },
    {
      "mode": "managed",
      "type": "azurerm_storage_account_network_rules",
      "name": "netrules",
      "provider": "provider[\"registry.terraform.io/hashicorp/azurerm\"]",
      "instances": [
        {
          "schema_version": 0,
          "attributes": {
            "bypass": [
              "AzureServices",
              "Logging",
              "Metrics"
            ],
            "default_action": "Deny",
            "id": "/subscriptions/e060f39e-3e99-4511-9b8a-54a14dd431da/resourceGroups/Afsal-storage-RG-ToolTool/providers/Microsoft.Storage/storageAccounts/afsalstorageaccountone",
            "ip_rules": [],
            "private_link_access": [],
            "resource_group_name": "Afsal-storage-RG-ToolTool",
            "storage_account_name": "afsalstorageaccountone",
            "timeouts": null,
            "virtual_network_subnet_ids": []
          },
          "private": "eyJlMmJmYjczMC1lY2FhLTExZTYtOGY4OC0zNDM2M2JjN2M0YzAiOnsiY3JlYXRlIjozNjAwMDAwMDAwMDAwLCJkZWxldGUiOjM2MDAwMDAwMDAwMDAsInJlYWQiOjMwMDAwMDAwMDAwMCwidXBkYXRlIjozNjAwMDAwMDAwMDAwfX0=",
          "dependencies": [
            "azurerm_resource_group.storage_RG",
            "azurerm_storage_account.afsal_stg_account",
            "azurerm_storage_container.storage_container"
          ]
        }
      ]
    },
    {
      "mode": "managed",
      "type": "azurerm_storage_blob",
      "name": "storage_blob",
      "provider": "provider[\"registry.terraform.io/hashicorp/azurerm\"]",
      "instances": [
        {
          "schema_version": 1,
          "attributes": {
            "access_tier": "Hot",
            "content_md5": "",
            "content_type": "application/octet-stream",
            "id": "https://afsalstorageaccountone.blob.core.windows.net/afsalstoragecontainer/testfile.txt",
            "metadata": {},
            "name": "testfile.txt",
            "parallelism": 8,
            "size": 0,
            "source": null,
            "source_content": null,
            "source_uri": null,
            "storage_account_name": "afsalstorageaccountone",
            "storage_container_name": "afsalstoragecontainer",
            "timeouts": null,
            "type": "Block",
            "url": "https://afsalstorageaccountone.blob.core.windows.net/afsalstoragecontainer/testfile.txt"
          },
          "private": "eyJlMmJmYjczMC1lY2FhLTExZTYtOGY4OC0zNDM2M2JjN2M0YzAiOnsiY3JlYXRlIjoxODAwMDAwMDAwMDAwLCJkZWxldGUiOjE4MDAwMDAwMDAwMDAsInJlYWQiOjMwMDAwMDAwMDAwMCwidXBkYXRlIjoxODAwMDAwMDAwMDAwfSwic2NoZW1hX3ZlcnNpb24iOiIxIn0=",
          "dependencies": [
            "azurerm_resource_group.storage_RG",
            "azurerm_storage_account.afsal_stg_account",
            "azurerm_storage_container.storage_container"
          ]
        }
      ]
    },
    {
      "mode": "managed",
      "type": "azurerm_storage_container",
      "name": "storage_container",
      "provider": "provider[\"registry.terraform.io/hashicorp/azurerm\"]",
      "instances": [
        {
          "schema_version": 1,
          "attributes": {
            "container_access_type": "private",
            "has_immutability_policy": false,
            "has_legal_hold": false,
            "id": "https://afsalstorageaccountone.blob.core.windows.net/afsalstoragecontainer",
            "metadata": {},
            "name": "afsalstoragecontainer",
            "resource_manager_id": "/subscriptions/e060f39e-3e99-4511-9b8a-54a14dd431da/resourceGroups/Afsal-storage-RG-ToolTool/providers/Microsoft.Storage/storageAccounts/afsalstorageaccountone/blobServices/default/containers/afsalstoragecontainer",
            "storage_account_name": "afsalstorageaccountone",
            "timeouts": null
          },
          "private": "eyJlMmJmYjczMC1lY2FhLTExZTYtOGY4OC0zNDM2M2JjN2M0YzAiOnsiY3JlYXRlIjoxODAwMDAwMDAwMDAwLCJkZWxldGUiOjE4MDAwMDAwMDAwMDAsInJlYWQiOjMwMDAwMDAwMDAwMCwidXBkYXRlIjoxODAwMDAwMDAwMDAwfSwic2NoZW1hX3ZlcnNpb24iOiIxIn0=",
          "dependencies": [
            "azurerm_resource_group.storage_RG",
            "azurerm_storage_account.afsal_stg_account"
          ]
        }
      ]
    },
    {
      "module": "module.cognitive_service",
      "mode": "data",
      "type": "external",
      "name": "cogsvc_identity",
      "provider": "provider[\"registry.terraform.io/hashicorp/external\"]",
      "instances": [
        {
          "schema_version": 0,
          "attributes": {
            "id": "-",
            "program": [
              "modules/services/cognitive_services/scripts/get_cognitive_account_identity.sh",
              "afsaL-cogntive-cogsvc-test-qwertyuiop",
              "Afsal-storage-RG-ToolTool"
            ],
            "query": null,
            "result": {
              "identityPrincipalId": "6f298c55-a2f4-48c9-a73c-135ecb343700"
            },
            "working_dir": null
          }
        }
      ]
    },
    {
      "module": "module.cognitive_service",
      "mode": "managed",
      "type": "azurerm_cognitive_account",
      "name": "main",
      "provider": "provider[\"registry.terraform.io/hashicorp/azurerm\"]",
      "instances": [
        {
          "schema_version": 0,
          "attributes": {
            "custom_subdomain_name": "afsalcogntivecogsvctesqwertyuiop",
            "endpoint": "https://afsalcogntivecogsvctesqwertyuiop.cognitiveservices.azure.com/",
            "id": "/subscriptions/e060f39e-3e99-4511-9b8a-54a14dd431da/resourceGroups/Afsal-storage-RG-ToolTool/providers/Microsoft.CognitiveServices/accounts/afsaL-cogntive-cogsvc-test-qwertyuiop",
            "kind": "FormRecognizer",
            "location": "eastus",
            "name": "afsaL-cogntive-cogsvc-test-qwertyuiop",
            "network_acls": [
              {
                "default_action": "Deny",
                "ip_rules": null,
                "virtual_network_subnet_ids": null
              }
            ],
            "primary_access_key": "4c3113fbc2404fc5a07e2045bee19694",
            "qna_runtime_endpoint": null,
            "resource_group_name": "Afsal-storage-RG-ToolTool",
            "secondary_access_key": "9ed7204cb17448a7bbc5491dddf27b80",
            "sku_name": "S0",
            "tags": null,
            "timeouts": null
          },
          "private": "eyJlMmJmYjczMC1lY2FhLTExZTYtOGY4OC0zNDM2M2JjN2M0YzAiOnsiY3JlYXRlIjoxODAwMDAwMDAwMDAwLCJkZWxldGUiOjE4MDAwMDAwMDAwMDAsInJlYWQiOjMwMDAwMDAwMDAwMCwidXBkYXRlIjoxODAwMDAwMDAwMDAwfX0=",
          "dependencies": [
            "azurerm_resource_group.storage_RG"
          ]
        }
      ]
    },
    {
      "module": "module.cognitive_service",
      "mode": "managed",
      "type": "azurerm_private_endpoint",
      "name": "cogsvc",
      "provider": "provider[\"registry.terraform.io/hashicorp/azurerm\"]",
      "instances": [
        {
          "schema_version": 0,
          "attributes": {
            "custom_dns_configs": [
              {
                "fqdn": "afsalcogntivecogsvctesqwertyuiop.cognitiveservices.azure.com",
                "ip_addresses": [
                  "10.0.0.4"
                ]
              }
            ],
            "id": "/subscriptions/e060f39e-3e99-4511-9b8a-54a14dd431da/resourceGroups/Afsal-storage-RG-ToolTool/providers/Microsoft.Network/privateEndpoints/cogsvctesting-pe",
            "location": "eastus",
            "name": "cogsvctesting-pe",
            "private_dns_zone_configs": [],
            "private_dns_zone_group": [],
            "private_service_connection": [
              {
                "is_manual_connection": false,
                "name": "cogsvctesting-plconnection",
                "private_connection_resource_alias": "",
                "private_connection_resource_id": "/subscriptions/e060f39e-3e99-4511-9b8a-54a14dd431da/resourceGroups/Afsal-storage-RG-ToolTool/providers/Microsoft.CognitiveServices/accounts/afsaL-cogntive-cogsvc-test-qwertyuiop",
                "private_ip_address": "10.0.0.4",
                "request_message": "",
                "subresource_names": [
                  "account"
                ]
              }
            ],
            "resource_group_name": "Afsal-storage-RG-ToolTool",
            "subnet_id": "/subscriptions/e060f39e-3e99-4511-9b8a-54a14dd431da/resourceGroups/Afsal-VirtualNetwork/providers/Microsoft.Network/virtualNetworks/afsal-virtualnetwork/subnets/afsal-vnet",
            "tags": null,
            "timeouts": null
          },
          "private": "eyJlMmJmYjczMC1lY2FhLTExZTYtOGY4OC0zNDM2M2JjN2M0YzAiOnsiY3JlYXRlIjozNjAwMDAwMDAwMDAwLCJkZWxldGUiOjM2MDAwMDAwMDAwMDAsInJlYWQiOjMwMDAwMDAwMDAwMCwidXBkYXRlIjozNjAwMDAwMDAwMDAwfX0=",
          "dependencies": [
            "azurerm_resource_group.storage_RG",
            "module.cognitive_service.azurerm_cognitive_account.main"
          ]
        }
      ]
    },
    {
      "module": "module.cognitive_service",
      "mode": "managed",
      "type": "null_resource",
      "name": "cogsvc_lockdown",
      "provider": "provider[\"registry.terraform.io/hashicorp/null\"]",
      "instances": [
        {
          "schema_version": 0,
          "attributes": {
            "id": "1733159424563293410",
            "triggers": {
              "account_name": "afsaL-cogntive-cogsvc-test-qwertyuiop",
              "resource_group": "Afsal-storage-RG-ToolTool",
              "version": "1"
            }
          },
          "private": "bnVsbA==",
          "dependencies": [
            "azurerm_resource_group.storage_RG",
            "azurerm_storage_account.afsal_stg_account",
            "module.cognitive_service.azurerm_cognitive_account.main"
          ]
        }
      ]
    }
  ]
}
